// !$*UTF8*$!
{
	archiveVersion = 1;
	classes = {
	};
	objectVersion = 55;
	objects = {

/* Begin PBXBuildFile section */
		6FAFAD3E277FCD590041F854 /* AppDelegate.swift in Sources */ = {isa = PBXBuildFile; fileRef = 6FAFAD3D277FCD590041F854 /* AppDelegate.swift */; };
		6FAFAD41277FCD590041F854 /* Main.storyboard in Resources */ = {isa = PBXBuildFile; fileRef = 6FAFAD3F277FCD590041F854 /* Main.storyboard */; };
		6FAFAD53277FCD590041F854 /* Authenticator Extension.appex in Embed App Extensions */ = {isa = PBXBuildFile; fileRef = 6FAFAD52277FCD590041F854 /* Authenticator Extension.appex */; settings = {ATTRIBUTES = (RemoveHeadersOnCopy, ); }; };
		6FAFAD5A277FCD590041F854 /* Main.html in Resources */ = {isa = PBXBuildFile; fileRef = 6FAFAD1C277FCD550041F854 /* Main.html */; };
		6FAFAD5C277FCD590041F854 /* Icon.png in Resources */ = {isa = PBXBuildFile; fileRef = 6FAFAD1E277FCD550041F854 /* Icon.png */; };
		6FAFAD5E277FCD590041F854 /* Style.css in Resources */ = {isa = PBXBuildFile; fileRef = 6FAFAD1F277FCD550041F854 /* Style.css */; };
		6FAFAD60277FCD590041F854 /* Script.js in Resources */ = {isa = PBXBuildFile; fileRef = 6FAFAD20277FCD550041F854 /* Script.js */; };
		6FAFAD62277FCD590041F854 /* ViewController.swift in Sources */ = {isa = PBXBuildFile; fileRef = 6FAFAD21277FCD550041F854 /* ViewController.swift */; };
		6FAFAD64277FCD590041F854 /* Assets.xcassets in Resources */ = {isa = PBXBuildFile; fileRef = 6FAFAD22277FCD590041F854 /* Assets.xcassets */; };
		6FAFAD66277FCD590041F854 /* SafariWebExtensionHandler.swift in Sources */ = {isa = PBXBuildFile; fileRef = 6FAFAD24277FCD590041F854 /* SafariWebExtensionHandler.swift */; };
		6FAFAD81277FCD5B0041F854 /* LICENSE in Resources */ = {isa = PBXBuildFile; fileRef = 6FAFAD78277FCD5B0041F854 /* LICENSE */; };
		6FAFAD82277FCD5B0041F854 /* css in Resources */ = {isa = PBXBuildFile; fileRef = 6FAFAD79277FCD5B0041F854 /* css */; };
		6FAFAD83277FCD5B0041F854 /* dist in Resources */ = {isa = PBXBuildFile; fileRef = 6FAFAD7A277FCD5B0041F854 /* dist */; };
		6FAFAD84277FCD5B0041F854 /* images in Resources */ = {isa = PBXBuildFile; fileRef = 6FAFAD7B277FCD5B0041F854 /* images */; };
		6FAFAD85277FCD5B0041F854 /* manifest.json in Resources */ = {isa = PBXBuildFile; fileRef = 6FAFAD7C277FCD5B0041F854 /* manifest.json */; };
		6FAFAD86277FCD5B0041F854 /* view in Resources */ = {isa = PBXBuildFile; fileRef = 6FAFAD7D277FCD5B0041F854 /* view */; };
		6FAFAD87277FCD5B0041F854 /* schema.json in Resources */ = {isa = PBXBuildFile; fileRef = 6FAFAD7E277FCD5B0041F854 /* schema.json */; };
		6FAFAD88277FCD5B0041F854 /* _locales in Resources */ = {isa = PBXBuildFile; fileRef = 6FAFAD7F277FCD5B0041F854 /* _locales */; };
		6FAFAD89277FCD5B0041F854 /* manifest-pwa.json in Resources */ = {isa = PBXBuildFile; fileRef = 6FAFAD80277FCD5B0041F854 /* manifest-pwa.json */; };
/* End PBXBuildFile section */

/* Begin PBXContainerItemProxy section */
		6FAFAD54277FCD590041F854 /* PBXContainerItemProxy */ = {
			isa = PBXContainerItemProxy;
			containerPortal = 6FAFAD16277FCD540041F854 /* Project object */;
			proxyType = 1;
			remoteGlobalIDString = 6FAFAD51277FCD590041F854;
			remoteInfo = "Authenticator Extension (macOS)";
		};
/* End PBXContainerItemProxy section */

/* Begin PBXCopyFilesBuildPhase section */
		6FAFAD73277FCD590041F854 /* Embed App Extensions */ = {
			isa = PBXCopyFilesBuildPhase;
			buildActionMask = 2147483647;
			dstPath = "";
			dstSubfolderSpec = 13;
			files = (
				6FAFAD53277FCD590041F854 /* Authenticator Extension.appex in Embed App Extensions */,
			);
			name = "Embed App Extensions";
			runOnlyForDeploymentPostprocessing = 0;
		};
/* End PBXCopyFilesBuildPhase section */

/* Begin PBXFileReference section */
		6FAFAD1D277FCD550041F854 /* Base */ = {isa = PBXFileReference; lastKnownFileType = text.html; name = Base; path = ../Base.lproj/Main.html; sourceTree = "<group>"; };
		6FAFAD1E277FCD550041F854 /* Icon.png */ = {isa = PBXFileReference; lastKnownFileType = image.png; path = Icon.png; sourceTree = "<group>"; };
		6FAFAD1F277FCD550041F854 /* Style.css */ = {isa = PBXFileReference; lastKnownFileType = text.css; path = Style.css; sourceTree = "<group>"; };
		6FAFAD20277FCD550041F854 /* Script.js */ = {isa = PBXFileReference; lastKnownFileType = sourcecode.javascript; path = Script.js; sourceTree = "<group>"; };
		6FAFAD21277FCD550041F854 /* ViewController.swift */ = {isa = PBXFileReference; lastKnownFileType = sourcecode.swift; path = ViewController.swift; sourceTree = "<group>"; };
		6FAFAD22277FCD590041F854 /* Assets.xcassets */ = {isa = PBXFileReference; lastKnownFileType = folder.assetcatalog; path = Assets.xcassets; sourceTree = "<group>"; };
		6FAFAD24277FCD590041F854 /* SafariWebExtensionHandler.swift */ = {isa = PBXFileReference; lastKnownFileType = sourcecode.swift; path = SafariWebExtensionHandler.swift; sourceTree = "<group>"; };
		6FAFAD3B277FCD590041F854 /* Authenticator.app */ = {isa = PBXFileReference; explicitFileType = wrapper.application; includeInIndex = 0; path = Authenticator.app; sourceTree = BUILT_PRODUCTS_DIR; };
		6FAFAD3D277FCD590041F854 /* AppDelegate.swift */ = {isa = PBXFileReference; lastKnownFileType = sourcecode.swift; path = AppDelegate.swift; sourceTree = "<group>"; };
		6FAFAD40277FCD590041F854 /* Base */ = {isa = PBXFileReference; lastKnownFileType = file.storyboard; name = Base; path = Base.lproj/Main.storyboard; sourceTree = "<group>"; };
		6FAFAD42277FCD590041F854 /* Info.plist */ = {isa = PBXFileReference; lastKnownFileType = text.plist.xml; path = Info.plist; sourceTree = "<group>"; };
		6FAFAD43277FCD590041F854 /* Authenticator.entitlements */ = {isa = PBXFileReference; lastKnownFileType = text.plist.entitlements; path = Authenticator.entitlements; sourceTree = "<group>"; };
		6FAFAD52277FCD590041F854 /* Authenticator Extension.appex */ = {isa = PBXFileReference; explicitFileType = "wrapper.app-extension"; includeInIndex = 0; path = "Authenticator Extension.appex"; sourceTree = BUILT_PRODUCTS_DIR; };
		6FAFAD57277FCD590041F854 /* Info.plist */ = {isa = PBXFileReference; lastKnownFileType = text.plist.xml; path = Info.plist; sourceTree = "<group>"; };
		6FAFAD58277FCD590041F854 /* Authenticator.entitlements */ = {isa = PBXFileReference; lastKnownFileType = text.plist.entitlements; path = Authenticator.entitlements; sourceTree = "<group>"; };
		6FAFAD78277FCD5B0041F854 /* LICENSE */ = {isa = PBXFileReference; lastKnownFileType = text; name = LICENSE; path = ../../../prototype/Authenticator/test/chrome/LICENSE; sourceTree = "<group>"; };
		6FAFAD79277FCD5B0041F854 /* css */ = {isa = PBXFileReference; lastKnownFileType = folder; name = css; path = ../../../prototype/Authenticator/test/chrome/css; sourceTree = "<group>"; };
		6FAFAD7A277FCD5B0041F854 /* dist */ = {isa = PBXFileReference; lastKnownFileType = folder; name = dist; path = ../../../prototype/Authenticator/test/chrome/dist; sourceTree = "<group>"; };
		6FAFAD7B277FCD5B0041F854 /* images */ = {isa = PBXFileReference; lastKnownFileType = folder; name = images; path = ../../../prototype/Authenticator/test/chrome/images; sourceTree = "<group>"; };
		6FAFAD7C277FCD5B0041F854 /* manifest.json */ = {isa = PBXFileReference; lastKnownFileType = text.json; name = manifest.json; path = ../../../prototype/Authenticator/test/chrome/manifest.json; sourceTree = "<group>"; };
		6FAFAD7D277FCD5B0041F854 /* view */ = {isa = PBXFileReference; lastKnownFileType = folder; name = view; path = ../../../prototype/Authenticator/test/chrome/view; sourceTree = "<group>"; };
		6FAFAD7E277FCD5B0041F854 /* schema.json */ = {isa = PBXFileReference; lastKnownFileType = text.json; name = schema.json; path = ../../../prototype/Authenticator/test/chrome/schema.json; sourceTree = "<group>"; };
		6FAFAD7F277FCD5B0041F854 /* _locales */ = {isa = PBXFileReference; lastKnownFileType = folder; name = _locales; path = ../../../prototype/Authenticator/test/chrome/_locales; sourceTree = "<group>"; };
		6FAFAD80277FCD5B0041F854 /* manifest-pwa.json */ = {isa = PBXFileReference; lastKnownFileType = text.json; name = "manifest-pwa.json"; path = "../../../prototype/Authenticator/test/chrome/manifest-pwa.json"; sourceTree = "<group>"; };
/* End PBXFileReference section */

/* Begin PBXFrameworksBuildPhase section */
		6FAFAD38277FCD590041F854 /* Frameworks */ = {
			isa = PBXFrameworksBuildPhase;
			buildActionMask = 2147483647;
			files = (
			);
			runOnlyForDeploymentPostprocessing = 0;
		};
		6FAFAD4F277FCD590041F854 /* Frameworks */ = {
			isa = PBXFrameworksBuildPhase;
			buildActionMask = 2147483647;
			files = (
			);
			runOnlyForDeploymentPostprocessing = 0;
		};
/* End PBXFrameworksBuildPhase section */

/* Begin PBXGroup section */
		6FAFAD15277FCD540041F854 = {
			isa = PBXGroup;
			children = (
				6FAFAD1A277FCD550041F854 /* Shared (App) */,
				6FAFAD23277FCD590041F854 /* Shared (Extension) */,
				6FAFAD3C277FCD590041F854 /* macOS (App) */,
				6FAFAD56277FCD590041F854 /* macOS (Extension) */,
				6FAFAD2A277FCD590041F854 /* Products */,
			);
			sourceTree = "<group>";
		};
		6FAFAD1A277FCD550041F854 /* Shared (App) */ = {
			isa = PBXGroup;
			children = (
				6FAFAD21277FCD550041F854 /* ViewController.swift */,
				6FAFAD22277FCD590041F854 /* Assets.xcassets */,
				6FAFAD1B277FCD550041F854 /* Resources */,
			);
			path = "Shared (App)";
			sourceTree = "<group>";
		};
		6FAFAD1B277FCD550041F854 /* Resources */ = {
			isa = PBXGroup;
			children = (
				6FAFAD1C277FCD550041F854 /* Main.html */,
				6FAFAD1E277FCD550041F854 /* Icon.png */,
				6FAFAD1F277FCD550041F854 /* Style.css */,
				6FAFAD20277FCD550041F854 /* Script.js */,
			);
			path = Resources;
			sourceTree = "<group>";
		};
		6FAFAD23277FCD590041F854 /* Shared (Extension) */ = {
			isa = PBXGroup;
			children = (
				6FAFAD77277FCD5B0041F854 /* Resources */,
				6FAFAD24277FCD590041F854 /* SafariWebExtensionHandler.swift */,
			);
			path = "Shared (Extension)";
			sourceTree = "<group>";
		};
		6FAFAD2A277FCD590041F854 /* Products */ = {
			isa = PBXGroup;
			children = (
				6FAFAD3B277FCD590041F854 /* Authenticator.app */,
				6FAFAD52277FCD590041F854 /* Authenticator Extension.appex */,
			);
			name = Products;
			sourceTree = "<group>";
		};
		6FAFAD3C277FCD590041F854 /* macOS (App) */ = {
			isa = PBXGroup;
			children = (
				6FAFAD3D277FCD590041F854 /* AppDelegate.swift */,
				6FAFAD3F277FCD590041F854 /* Main.storyboard */,
				6FAFAD42277FCD590041F854 /* Info.plist */,
				6FAFAD43277FCD590041F854 /* Authenticator.entitlements */,
			);
			path = "macOS (App)";
			sourceTree = "<group>";
		};
		6FAFAD56277FCD590041F854 /* macOS (Extension) */ = {
			isa = PBXGroup;
			children = (
				6FAFAD57277FCD590041F854 /* Info.plist */,
				6FAFAD58277FCD590041F854 /* Authenticator.entitlements */,
			);
			path = "macOS (Extension)";
			sourceTree = "<group>";
		};
		6FAFAD77277FCD5B0041F854 /* Resources */ = {
			isa = PBXGroup;
			children = (
				6FAFAD78277FCD5B0041F854 /* LICENSE */,
				6FAFAD79277FCD5B0041F854 /* css */,
				6FAFAD7A277FCD5B0041F854 /* dist */,
				6FAFAD7B277FCD5B0041F854 /* images */,
				6FAFAD7C277FCD5B0041F854 /* manifest.json */,
				6FAFAD7D277FCD5B0041F854 /* view */,
				6FAFAD7E277FCD5B0041F854 /* schema.json */,
				6FAFAD7F277FCD5B0041F854 /* _locales */,
				6FAFAD80277FCD5B0041F854 /* manifest-pwa.json */,
			);
			name = Resources;
			path = "Shared (Extension)";
			sourceTree = SOURCE_ROOT;
		};
/* End PBXGroup section */

/* Begin PBXNativeTarget section */
		6FAFAD3A277FCD590041F854 /* Authenticator (macOS) */ = {
			isa = PBXNativeTarget;
			buildConfigurationList = 6FAFAD74277FCD590041F854 /* Build configuration list for PBXNativeTarget "Authenticator (macOS)" */;
			buildPhases = (
				6FAFAD37277FCD590041F854 /* Sources */,
				6FAFAD38277FCD590041F854 /* Frameworks */,
				6FAFAD39277FCD590041F854 /* Resources */,
				6FAFAD73277FCD590041F854 /* Embed App Extensions */,
			);
			buildRules = (
			);
			dependencies = (
				6FAFAD55277FCD590041F854 /* PBXTargetDependency */,
			);
			name = "Authenticator (macOS)";
			productName = "Authenticator (macOS)";
			productReference = 6FAFAD3B277FCD590041F854 /* Authenticator.app */;
			productType = "com.apple.product-type.application";
		};
		6FAFAD51277FCD590041F854 /* Authenticator Extension (macOS) */ = {
			isa = PBXNativeTarget;
			buildConfigurationList = 6FAFAD70277FCD590041F854 /* Build configuration list for PBXNativeTarget "Authenticator Extension (macOS)" */;
			buildPhases = (
				6FAFAD4E277FCD590041F854 /* Sources */,
				6FAFAD4F277FCD590041F854 /* Frameworks */,
				6FAFAD50277FCD590041F854 /* Resources */,
			);
			buildRules = (
			);
			dependencies = (
			);
			name = "Authenticator Extension (macOS)";
			productName = "Authenticator Extension (macOS)";
			productReference = 6FAFAD52277FCD590041F854 /* Authenticator Extension.appex */;
			productType = "com.apple.product-type.app-extension";
		};
/* End PBXNativeTarget section */

/* Begin PBXProject section */
		6FAFAD16277FCD540041F854 /* Project object */ = {
			isa = PBXProject;
			attributes = {
				BuildIndependentTargetsInParallel = 1;
				LastSwiftUpdateCheck = 1320;
				LastUpgradeCheck = 1320;
				TargetAttributes = {
					6FAFAD3A277FCD590041F854 = {
						CreatedOnToolsVersion = 13.2.1;
					};
					6FAFAD51277FCD590041F854 = {
						CreatedOnToolsVersion = 13.2.1;
					};
				};
			};
			buildConfigurationList = 6FAFAD19277FCD540041F854 /* Build configuration list for PBXProject "Authenticator" */;
			compatibilityVersion = "Xcode 13.0";
			developmentRegion = en;
			hasScannedForEncodings = 0;
			knownRegions = (
				en,
				Base,
			);
			mainGroup = 6FAFAD15277FCD540041F854;
			productRefGroup = 6FAFAD2A277FCD590041F854 /* Products */;
			projectDirPath = "";
			projectRoot = "";
			targets = (
				6FAFAD3A277FCD590041F854 /* Authenticator (macOS) */,
				6FAFAD51277FCD590041F854 /* Authenticator Extension (macOS) */,
			);
		};
/* End PBXProject section */

/* Begin PBXResourcesBuildPhase section */
		6FAFAD39277FCD590041F854 /* Resources */ = {
			isa = PBXResourcesBuildPhase;
			buildActionMask = 2147483647;
			files = (
				6FAFAD5C277FCD590041F854 /* Icon.png in Resources */,
				6FAFAD5E277FCD590041F854 /* Style.css in Resources */,
				6FAFAD41277FCD590041F854 /* Main.storyboard in Resources */,
				6FAFAD60277FCD590041F854 /* Script.js in Resources */,
				6FAFAD64277FCD590041F854 /* Assets.xcassets in Resources */,
				6FAFAD5A277FCD590041F854 /* Main.html in Resources */,
			);
			runOnlyForDeploymentPostprocessing = 0;
		};
		6FAFAD50277FCD590041F854 /* Resources */ = {
			isa = PBXResourcesBuildPhase;
			buildActionMask = 2147483647;
			files = (
				6FAFAD89277FCD5B0041F854 /* manifest-pwa.json in Resources */,
				6FAFAD87277FCD5B0041F854 /* schema.json in Resources */,
				6FAFAD84277FCD5B0041F854 /* images in Resources */,
				6FAFAD88277FCD5B0041F854 /* _locales in Resources */,
				6FAFAD86277FCD5B0041F854 /* view in Resources */,
				6FAFAD83277FCD5B0041F854 /* dist in Resources */,
				6FAFAD85277FCD5B0041F854 /* manifest.json in Resources */,
				6FAFAD82277FCD5B0041F854 /* css in Resources */,
				6FAFAD81277FCD5B0041F854 /* LICENSE in Resources */,
			);
			runOnlyForDeploymentPostprocessing = 0;
		};
/* End PBXResourcesBuildPhase section */

/* Begin PBXSourcesBuildPhase section */
		6FAFAD37277FCD590041F854 /* Sources */ = {
			isa = PBXSourcesBuildPhase;
			buildActionMask = 2147483647;
			files = (
				6FAFAD62277FCD590041F854 /* ViewController.swift in Sources */,
				6FAFAD3E277FCD590041F854 /* AppDelegate.swift in Sources */,
			);
			runOnlyForDeploymentPostprocessing = 0;
		};
		6FAFAD4E277FCD590041F854 /* Sources */ = {
			isa = PBXSourcesBuildPhase;
			buildActionMask = 2147483647;
			files = (
				6FAFAD66277FCD590041F854 /* SafariWebExtensionHandler.swift in Sources */,
			);
			runOnlyForDeploymentPostprocessing = 0;
		};
/* End PBXSourcesBuildPhase section */

/* Begin PBXTargetDependency section */
		6FAFAD55277FCD590041F854 /* PBXTargetDependency */ = {
			isa = PBXTargetDependency;
			target = 6FAFAD51277FCD590041F854 /* Authenticator Extension (macOS) */;
			targetProxy = 6FAFAD54277FCD590041F854 /* PBXContainerItemProxy */;
		};
/* End PBXTargetDependency section */

/* Begin PBXVariantGroup section */
		6FAFAD1C277FCD550041F854 /* Main.html */ = {
			isa = PBXVariantGroup;
			children = (
				6FAFAD1D277FCD550041F854 /* Base */,
			);
			name = Main.html;
			sourceTree = "<group>";
		};
		6FAFAD3F277FCD590041F854 /* Main.storyboard */ = {
			isa = PBXVariantGroup;
			children = (
				6FAFAD40277FCD590041F854 /* Base */,
			);
			name = Main.storyboard;
			sourceTree = "<group>";
		};
/* End PBXVariantGroup section */

/* Begin XCBuildConfiguration section */
		6FAFAD67277FCD590041F854 /* Debug */ = {
			isa = XCBuildConfiguration;
			buildSettings = {
				ALWAYS_SEARCH_USER_PATHS = NO;
				CLANG_ANALYZER_NONNULL = YES;
				CLANG_ANALYZER_NUMBER_OBJECT_CONVERSION = YES_AGGRESSIVE;
				CLANG_CXX_LANGUAGE_STANDARD = "gnu++17";
				CLANG_CXX_LIBRARY = "libc++";
				CLANG_ENABLE_MODULES = YES;
				CLANG_ENABLE_OBJC_ARC = YES;
				CLANG_ENABLE_OBJC_WEAK = YES;
				CLANG_WARN_BLOCK_CAPTURE_AUTORELEASING = YES;
				CLANG_WARN_BOOL_CONVERSION = YES;
				CLANG_WARN_COMMA = YES;
				CLANG_WARN_CONSTANT_CONVERSION = YES;
				CLANG_WARN_DEPRECATED_OBJC_IMPLEMENTATIONS = YES;
				CLANG_WARN_DIRECT_OBJC_ISA_USAGE = YES_ERROR;
				CLANG_WARN_DOCUMENTATION_COMMENTS = YES;
				CLANG_WARN_EMPTY_BODY = YES;
				CLANG_WARN_ENUM_CONVERSION = YES;
				CLANG_WARN_INFINITE_RECURSION = YES;
				CLANG_WARN_INT_CONVERSION = YES;
				CLANG_WARN_NON_LITERAL_NULL_CONVERSION = YES;
				CLANG_WARN_OBJC_IMPLICIT_RETAIN_SELF = YES;
				CLANG_WARN_OBJC_LITERAL_CONVERSION = YES;
				CLANG_WARN_OBJC_ROOT_CLASS = YES_ERROR;
				CLANG_WARN_QUOTED_INCLUDE_IN_FRAMEWORK_HEADER = YES;
				CLANG_WARN_RANGE_LOOP_ANALYSIS = YES;
				CLANG_WARN_STRICT_PROTOTYPES = YES;
				CLANG_WARN_SUSPICIOUS_MOVE = YES;
				CLANG_WARN_UNGUARDED_AVAILABILITY = YES_AGGRESSIVE;
				CLANG_WARN_UNREACHABLE_CODE = YES;
				CLANG_WARN__DUPLICATE_METHOD_MATCH = YES;
				COPY_PHASE_STRIP = NO;
				DEBUG_INFORMATION_FORMAT = dwarf;
				ENABLE_STRICT_OBJC_MSGSEND = YES;
				ENABLE_TESTABILITY = YES;
				GCC_C_LANGUAGE_STANDARD = gnu11;
				GCC_DYNAMIC_NO_PIC = NO;
				GCC_NO_COMMON_BLOCKS = YES;
				GCC_OPTIMIZATION_LEVEL = 0;
				GCC_PREPROCESSOR_DEFINITIONS = (
					"DEBUG=1",
					"$(inherited)",
				);
				GCC_WARN_64_TO_32_BIT_CONVERSION = YES;
				GCC_WARN_ABOUT_RETURN_TYPE = YES_ERROR;
				GCC_WARN_UNDECLARED_SELECTOR = YES;
				GCC_WARN_UNINITIALIZED_AUTOS = YES_AGGRESSIVE;
				GCC_WARN_UNUSED_FUNCTION = YES;
				GCC_WARN_UNUSED_VARIABLE = YES;
				MTL_ENABLE_DEBUG_INFO = INCLUDE_SOURCE;
				MTL_FAST_MATH = YES;
				ONLY_ACTIVE_ARCH = YES;
				SWIFT_ACTIVE_COMPILATION_CONDITIONS = DEBUG;
				SWIFT_OPTIMIZATION_LEVEL = "-Onone";
			};
			name = Debug;
		};
		6FAFAD68277FCD590041F854 /* Release */ = {
			isa = XCBuildConfiguration;
			buildSettings = {
				ALWAYS_SEARCH_USER_PATHS = NO;
				CLANG_ANALYZER_NONNULL = YES;
				CLANG_ANALYZER_NUMBER_OBJECT_CONVERSION = YES_AGGRESSIVE;
				CLANG_CXX_LANGUAGE_STANDARD = "gnu++17";
				CLANG_CXX_LIBRARY = "libc++";
				CLANG_ENABLE_MODULES = YES;
				CLANG_ENABLE_OBJC_ARC = YES;
				CLANG_ENABLE_OBJC_WEAK = YES;
				CLANG_WARN_BLOCK_CAPTURE_AUTORELEASING = YES;
				CLANG_WARN_BOOL_CONVERSION = YES;
				CLANG_WARN_COMMA = YES;
				CLANG_WARN_CONSTANT_CONVERSION = YES;
				CLANG_WARN_DEPRECATED_OBJC_IMPLEMENTATIONS = YES;
				CLANG_WARN_DIRECT_OBJC_ISA_USAGE = YES_ERROR;
				CLANG_WARN_DOCUMENTATION_COMMENTS = YES;
				CLANG_WARN_EMPTY_BODY = YES;
				CLANG_WARN_ENUM_CONVERSION = YES;
				CLANG_WARN_INFINITE_RECURSION = YES;
				CLANG_WARN_INT_CONVERSION = YES;
				CLANG_WARN_NON_LITERAL_NULL_CONVERSION = YES;
				CLANG_WARN_OBJC_IMPLICIT_RETAIN_SELF = YES;
				CLANG_WARN_OBJC_LITERAL_CONVERSION = YES;
				CLANG_WARN_OBJC_ROOT_CLASS = YES_ERROR;
				CLANG_WARN_QUOTED_INCLUDE_IN_FRAMEWORK_HEADER = YES;
				CLANG_WARN_RANGE_LOOP_ANALYSIS = YES;
				CLANG_WARN_STRICT_PROTOTYPES = YES;
				CLANG_WARN_SUSPICIOUS_MOVE = YES;
				CLANG_WARN_UNGUARDED_AVAILABILITY = YES_AGGRESSIVE;
				CLANG_WARN_UNREACHABLE_CODE = YES;
				CLANG_WARN__DUPLICATE_METHOD_MATCH = YES;
				COPY_PHASE_STRIP = NO;
				DEBUG_INFORMATION_FORMAT = "dwarf-with-dsym";
				ENABLE_NS_ASSERTIONS = NO;
				ENABLE_STRICT_OBJC_MSGSEND = YES;
				GCC_C_LANGUAGE_STANDARD = gnu11;
				GCC_NO_COMMON_BLOCKS = YES;
				GCC_WARN_64_TO_32_BIT_CONVERSION = YES;
				GCC_WARN_ABOUT_RETURN_TYPE = YES_ERROR;
				GCC_WARN_UNDECLARED_SELECTOR = YES;
				GCC_WARN_UNINITIALIZED_AUTOS = YES_AGGRESSIVE;
				GCC_WARN_UNUSED_FUNCTION = YES;
				GCC_WARN_UNUSED_VARIABLE = YES;
				MTL_ENABLE_DEBUG_INFO = NO;
				MTL_FAST_MATH = YES;
				SWIFT_COMPILATION_MODE = wholemodule;
				SWIFT_OPTIMIZATION_LEVEL = "-O";
			};
			name = Release;
		};
		6FAFAD71277FCD590041F854 /* Debug */ = {
			isa = XCBuildConfiguration;
			buildSettings = {
				CODE_SIGN_ENTITLEMENTS = "macOS (Extension)/Authenticator.entitlements";
				CODE_SIGN_STYLE = Automatic;
				CURRENT_PROJECT_VERSION = 1;
				ENABLE_HARDENED_RUNTIME = YES;
				GENERATE_INFOPLIST_FILE = YES;
				INFOPLIST_FILE = "macOS (Extension)/Info.plist";
				INFOPLIST_KEY_CFBundleDisplayName = "Authenticator Extension";
				INFOPLIST_KEY_NSHumanReadableCopyright = "";
				LD_RUNPATH_SEARCH_PATHS = (
					"$(inherited)",
					"@executable_path/../Frameworks",
					"@executable_path/../../../../Frameworks",
				);
				MACOSX_DEPLOYMENT_TARGET = 10.14;
				MARKETING_VERSION = 1.0;
				OTHER_LDFLAGS = (
					"-framework",
					SafariServices,
				);
				PRODUCT_BUNDLE_IDENTIFIER = com.yourCompany.Authenticator.Extension;
				PRODUCT_NAME = "Authenticator Extension";
				SDKROOT = macosx;
				SKIP_INSTALL = YES;
				SWIFT_EMIT_LOC_STRINGS = YES;
				SWIFT_VERSION = 5.0;
			};
			name = Debug;
		};
		6FAFAD72277FCD590041F854 /* Release */ = {
			isa = XCBuildConfiguration;
			buildSettings = {
				CODE_SIGN_ENTITLEMENTS = "macOS (Extension)/Authenticator.entitlements";
				CODE_SIGN_STYLE = Automatic;
				CURRENT_PROJECT_VERSION = 1;
				ENABLE_HARDENED_RUNTIME = YES;
				GENERATE_INFOPLIST_FILE = YES;
				INFOPLIST_FILE = "macOS (Extension)/Info.plist";
				INFOPLIST_KEY_CFBundleDisplayName = "Authenticator Extension";
				INFOPLIST_KEY_NSHumanReadableCopyright = "";
				LD_RUNPATH_SEARCH_PATHS = (
					"$(inherited)",
					"@executable_path/../Frameworks",
					"@executable_path/../../../../Frameworks",
				);
				MACOSX_DEPLOYMENT_TARGET = 10.14;
				MARKETING_VERSION = 1.0;
				OTHER_LDFLAGS = (
					"-framework",
					SafariServices,
				);
				PRODUCT_BUNDLE_IDENTIFIER = com.yourCompany.Authenticator.Extension;
				PRODUCT_NAME = "Authenticator Extension";
				SDKROOT = macosx;
				SKIP_INSTALL = YES;
				SWIFT_EMIT_LOC_STRINGS = YES;
				SWIFT_VERSION = 5.0;
			};
			name = Release;
		};
		6FAFAD75277FCD590041F854 /* Debug */ = {
			isa = XCBuildConfiguration;
			buildSettings = {
				ALWAYS_EMBED_SWIFT_STANDARD_LIBRARIES = YES;
				ASSETCATALOG_COMPILER_APPICON_NAME = AppIcon;
				ASSETCATALOG_COMPILER_GLOBAL_ACCENT_COLOR_NAME = AccentColor;
				CODE_SIGN_ENTITLEMENTS = "macOS (App)/Authenticator.entitlements";
				CODE_SIGN_STYLE = Automatic;
				CURRENT_PROJECT_VERSION = 1;
				ENABLE_HARDENED_RUNTIME = YES;
				GENERATE_INFOPLIST_FILE = YES;
				INFOPLIST_FILE = "macOS (App)/Info.plist";
				INFOPLIST_KEY_CFBundleDisplayName = Authenticator;
				INFOPLIST_KEY_NSMainStoryboardFile = Main;
				INFOPLIST_KEY_NSPrincipalClass = NSApplication;
				LD_RUNPATH_SEARCH_PATHS = (
					"$(inherited)",
					"@executable_path/../Frameworks",
				);
				MACOSX_DEPLOYMENT_TARGET = 10.14;
				MARKETING_VERSION = 1.0;
				OTHER_LDFLAGS = (
					"-framework",
					SafariServices,
					"-framework",
					WebKit,
				);
				PRODUCT_BUNDLE_IDENTIFIER = com.yourCompany.Authenticator;
				PRODUCT_NAME = Authenticator;
				SDKROOT = macosx;
				SWIFT_EMIT_LOC_STRINGS = YES;
				SWIFT_VERSION = 5.0;
			};
			name = Debug;
		};
		6FAFAD76277FCD590041F854 /* Release */ = {
			isa = XCBuildConfiguration;
			buildSettings = {
				ALWAYS_EMBED_SWIFT_STANDARD_LIBRARIES = YES;
				ASSETCATALOG_COMPILER_APPICON_NAME = AppIcon;
				ASSETCATALOG_COMPILER_GLOBAL_ACCENT_COLOR_NAME = AccentColor;
				CODE_SIGN_ENTITLEMENTS = "macOS (App)/Authenticator.entitlements";
				CODE_SIGN_STYLE = Automatic;
				CURRENT_PROJECT_VERSION = 1;
				ENABLE_HARDENED_RUNTIME = YES;
				GENERATE_INFOPLIST_FILE = YES;
				INFOPLIST_FILE = "macOS (App)/Info.plist";
				INFOPLIST_KEY_CFBundleDisplayName = Authenticator;
				INFOPLIST_KEY_NSMainStoryboardFile = Main;
				INFOPLIST_KEY_NSPrincipalClass = NSApplication;
				LD_RUNPATH_SEARCH_PATHS = (
					"$(inherited)",
					"@executable_path/../Frameworks",
				);
				MACOSX_DEPLOYMENT_TARGET = 10.14;
				MARKETING_VERSION = 1.0;
				OTHER_LDFLAGS = (
					"-framework",
					SafariServices,
					"-framework",
					WebKit,
				);
				PRODUCT_BUNDLE_IDENTIFIER = com.yourCompany.Authenticator;
				PRODUCT_NAME = Authenticator;
				SDKROOT = macosx;
				SWIFT_EMIT_LOC_STRINGS = YES;
				SWIFT_VERSION = 5.0;
			};
			name = Release;
		};
/* End XCBuildConfiguration section */

/* Begin XCConfigurationList section */
		6FAFAD19277FCD540041F854 /* Build configuration list for PBXProject "Authenticator" */ = {
			isa = XCConfigurationList;
			buildConfigurations = (
				6FAFAD67277FCD590041F854 /* Debug */,
				6FAFAD68277FCD590041F854 /* Release */,
			);
			defaultConfigurationIsVisible = 0;
			defaultConfigurationName = Release;
		};
		6FAFAD70277FCD590041F854 /* Build configuration list for PBXNativeTarget "Authenticator Extension (macOS)" */ = {
			isa = XCConfigurationList;
			buildConfigurations = (
				6FAFAD71277FCD590041F854 /* Debug */,
				6FAFAD72277FCD590041F854 /* Release */,
			);
			defaultConfigurationIsVisible = 0;
			defaultConfigurationName = Release;
		};
		6FAFAD74277FCD590041F854 /* Build configuration list for PBXNativeTarget "Authenticator (macOS)" */ = {
			isa = XCConfigurationList;
			buildConfigurations = (
				6FAFAD75277FCD590041F854 /* Debug */,
				6FAFAD76277FCD590041F854 /* Release */,
			);
			defaultConfigurationIsVisible = 0;
			defaultConfigurationName = Release;
		};
/* End XCConfigurationList section */
	};
	rootObject = 6FAFAD16277FCD540041F854 /* Project object */;
}
